
Microsoft Visual Studio Solution File, Format Version 12.00
# Visual Studio 15
VisualStudioVersion = 15.0.28307.705
MinimumVisualStudioVersion = 10.0.40219.1
Project("{FAE04EC0-301F-11D3-BF4B-00C04F79EFBC}") = "WpfExample", "WpfExample\WpfExample.csproj", "{D76D665D-CE0F-4703-83E2-D829B16BC7FA}"
EndProject
Project("{2150E333-8FDC-42A3-9474-1A3956D46DE8}") = "Infrastructure", "Infrastructure", "{58EE8698-F44E-4E40-8B67-C2842C0CFF2F}"
EndProject
Project("{9A19103F-16F7-4668-BE54-9A1E7A4F7556}") = "Infrastructure.Domain", "Infrastructure\Infrastructure.Domain\Infrastructure.Domain.csproj", "{C428ABE9-F440-40F4-BE5C-1518A0444289}"
EndProject
Project("{9A19103F-16F7-4668-BE54-9A1E7A4F7556}") = "Infrastructure.EF", "Infrastructure\Infrastructure.EF\Infrastructure.EF.csproj", "{F5A74604-7530-4572-B9E6-3B8B749B99D9}"
EndProject
Project("{2150E333-8FDC-42A3-9474-1A3956D46DE8}") = "Domain", "Domain", "{59B2E9EA-D81C-4FC2-8E60-09CED1A10930}"
EndProject
Project("{9A19103F-16F7-4668-BE54-9A1E7A4F7556}") = "Domain.Common", "Domain\Domain.Common\Domain.Common.csproj", "{FF2E4D18-6E8B-4C9F-B74D-F2A564EBFBFE}"
EndProject
Project("{FAE04EC0-301F-11D3-BF4B-00C04F79EFBC}") = "Domain.Models", "Domain\Domain.Models\Domain.Models.csproj", "{28549CB3-0AA7-4757-B167-D6F9DB68F231}"
EndProject
Project("{9A19103F-16F7-4668-BE54-9A1E7A4F7556}") = "Domain.EFContexts", "Domain\Domain.EFContexts\Domain.EFContexts.csproj", "{573ABB52-BB43-45F9-BBAC-931858F48B92}"
EndProject
Project("{9A19103F-16F7-4668-BE54-9A1E7A4F7556}") = "Domain.Services", "Domain\Domain.Services\Domain.Services.csproj", "{7AC9B9ED-77DB-4406-9FB5-3F3426390978}"
EndProject
Project("{FAE04EC0-301F-11D3-BF4B-00C04F79EFBC}") = "VMBaseSolutions", "VMBaseSolutions\VMBaseSolutions.csproj", "{38191F41-8938-442A-97CD-B4A59E2F767A}"
EndProject
Project("{FAE04EC0-301F-11D3-BF4B-00C04F79EFBC}") = "BUDGETModule", "BUDGETModule\BUDGETModule.csproj", "{946C609D-95BF-4CEB-B5B8-6BCD80E7D742}"
EndProject
Project("{FAE04EC0-301F-11D3-BF4B-00C04F79EFBC}") = "SharedModule", "SharedModule\SharedModule.csproj", "{B7631407-6274-4C38-AEE2-422517B8D0B9}"
EndProject
Project("{FAE04EC0-301F-11D3-BF4B-00C04F79EFBC}") = "Resources", "Resources\Resources.csproj", "{B99158FB-50EE-406E-951D-CC3551566EBF}"
EndProject
Project("{FAE04EC0-301F-11D3-BF4B-00C04F79EFBC}") = "Controls", "Controls\Controls.csproj", "{E1400633-7974-43A8-89E9-8FDDB160F6C5}"
EndProject
Project("{2150E333-8FDC-42A3-9474-1A3956D46DE8}") = "Modules", "Modules", "{6F5BA969-CC1A-45E4-A908-11C44D4840C2}"
EndProject
Global
	GlobalSection(SolutionConfigurationPlatforms) = preSolution
		Debug|Any CPU = Debug|Any CPU
		Debug|x86 = Debug|x86
		Release|Any CPU = Release|Any CPU
		Release|x86 = Release|x86
	EndGlobalSection
	GlobalSection(ProjectConfigurationPlatforms) = postSolution
		{D76D665D-CE0F-4703-83E2-D829B16BC7FA}.Debug|Any CPU.ActiveCfg = Debug|Any CPU
		{D76D665D-CE0F-4703-83E2-D829B16BC7FA}.Debug|Any CPU.Build.0 = Debug|Any CPU
		{D76D665D-CE0F-4703-83E2-D829B16BC7FA}.Debug|x86.ActiveCfg = Debug|Any CPU
		{D76D665D-CE0F-4703-83E2-D829B16BC7FA}.Debug|x86.Build.0 = Debug|Any CPU
		{D76D665D-CE0F-4703-83E2-D829B16BC7FA}.Release|Any CPU.ActiveCfg = Release|Any CPU
		{D76D665D-CE0F-4703-83E2-D829B16BC7FA}.Release|Any CPU.Build.0 = Release|Any CPU
		{D76D665D-CE0F-4703-83E2-D829B16BC7FA}.Release|x86.ActiveCfg = Release|Any CPU
		{D76D665D-CE0F-4703-83E2-D829B16BC7FA}.Release|x86.Build.0 = Release|Any CPU
		{C428ABE9-F440-40F4-BE5C-1518A0444289}.Debug|Any CPU.ActiveCfg = Debug|Any CPU
		{C428ABE9-F440-40F4-BE5C-1518A0444289}.Debug|Any CPU.Build.0 = Debug|Any CPU
		{C428ABE9-F440-40F4-BE5C-1518A0444289}.Debug|x86.ActiveCfg = Debug|Any CPU
		{C428ABE9-F440-40F4-BE5C-1518A0444289}.Debug|x86.Build.0 = Debug|Any CPU
		{C428ABE9-F440-40F4-BE5C-1518A0444289}.Release|Any CPU.ActiveCfg = Release|Any CPU
		{C428ABE9-F440-40F4-BE5C-1518A0444289}.Release|Any CPU.Build.0 = Release|Any CPU
		{C428ABE9-F440-40F4-BE5C-1518A0444289}.Release|x86.ActiveCfg = Release|Any CPU
		{C428ABE9-F440-40F4-BE5C-1518A0444289}.Release|x86.Build.0 = Release|Any CPU
		{F5A74604-7530-4572-B9E6-3B8B749B99D9}.Debug|Any CPU.ActiveCfg = Debug|Any CPU
		{F5A74604-7530-4572-B9E6-3B8B749B99D9}.Debug|Any CPU.Build.0 = Debug|Any CPU
		{F5A74604-7530-4572-B9E6-3B8B749B99D9}.Debug|x86.ActiveCfg = Debug|Any CPU
		{F5A74604-7530-4572-B9E6-3B8B749B99D9}.Debug|x86.Build.0 = Debug|Any CPU
		{F5A74604-7530-4572-B9E6-3B8B749B99D9}.Release|Any CPU.ActiveCfg = Release|Any CPU
		{F5A74604-7530-4572-B9E6-3B8B749B99D9}.Release|Any CPU.Build.0 = Release|Any CPU
		{F5A74604-7530-4572-B9E6-3B8B749B99D9}.Release|x86.ActiveCfg = Release|Any CPU
		{F5A74604-7530-4572-B9E6-3B8B749B99D9}.Release|x86.Build.0 = Release|Any CPU
		{FF2E4D18-6E8B-4C9F-B74D-F2A564EBFBFE}.Debug|Any CPU.ActiveCfg = Debug|Any CPU
		{FF2E4D18-6E8B-4C9F-B74D-F2A564EBFBFE}.Debug|Any CPU.Build.0 = Debug|Any CPU
		{FF2E4D18-6E8B-4C9F-B74D-F2A564EBFBFE}.Debug|x86.ActiveCfg = Debug|Any CPU
		{FF2E4D18-6E8B-4C9F-B74D-F2A564EBFBFE}.Debug|x86.Build.0 = Debug|Any CPU
		{FF2E4D18-6E8B-4C9F-B74D-F2A564EBFBFE}.Release|Any CPU.ActiveCfg = Release|Any CPU
		{FF2E4D18-6E8B-4C9F-B74D-F2A564EBFBFE}.Release|Any CPU.Build.0 = Release|Any CPU
		{FF2E4D18-6E8B-4C9F-B74D-F2A564EBFBFE}.Release|x86.ActiveCfg = Release|Any CPU
		{FF2E4D18-6E8B-4C9F-B74D-F2A564EBFBFE}.Release|x86.Build.0 = Release|Any CPU
		{28549CB3-0AA7-4757-B167-D6F9DB68F231}.Debug|Any CPU.ActiveCfg = Debug|Any CPU
		{28549CB3-0AA7-4757-B167-D6F9DB68F231}.Debug|Any CPU.Build.0 = Debug|Any CPU
		{28549CB3-0AA7-4757-B167-D6F9DB68F231}.Debug|x86.ActiveCfg = Debug|Any CPU
		{28549CB3-0AA7-4757-B167-D6F9DB68F231}.Debug|x86.Build.0 = Debug|Any CPU
		{28549CB3-0AA7-4757-B167-D6F9DB68F231}.Release|Any CPU.ActiveCfg = Release|Any CPU
		{28549CB3-0AA7-4757-B167-D6F9DB68F231}.Release|Any CPU.Build.0 = Release|Any CPU
		{28549CB3-0AA7-4757-B167-D6F9DB68F231}.Release|x86.ActiveCfg = Release|Any CPU
		{28549CB3-0AA7-4757-B167-D6F9DB68F231}.Release|x86.Build.0 = Release|Any CPU
		{573ABB52-BB43-45F9-BBAC-931858F48B92}.Debug|Any CPU.ActiveCfg = Debug|Any CPU
		{573ABB52-BB43-45F9-BBAC-931858F48B92}.Debug|Any CPU.Build.0 = Debug|Any CPU
		{573ABB52-BB43-45F9-BBAC-931858F48B92}.Debug|x86.ActiveCfg = Debug|Any CPU
		{573ABB52-BB43-45F9-BBAC-931858F48B92}.Debug|x86.Build.0 = Debug|Any CPU
		{573ABB52-BB43-45F9-BBAC-931858F48B92}.Release|Any CPU.ActiveCfg = Release|Any CPU
		{573ABB52-BB43-45F9-BBAC-931858F48B92}.Release|Any CPU.Build.0 = Release|Any CPU
		{573ABB52-BB43-45F9-BBAC-931858F48B92}.Release|x86.ActiveCfg = Release|Any CPU
		{573ABB52-BB43-45F9-BBAC-931858F48B92}.Release|x86.Build.0 = Release|Any CPU
		{7AC9B9ED-77DB-4406-9FB5-3F3426390978}.Debug|Any CPU.ActiveCfg = Debug|Any CPU
		{7AC9B9ED-77DB-4406-9FB5-3F3426390978}.Debug|Any CPU.Build.0 = Debug|Any CPU
		{7AC9B9ED-77DB-4406-9FB5-3F3426390978}.Debug|x86.ActiveCfg = Debug|Any CPU
		{7AC9B9ED-77DB-4406-9FB5-3F3426390978}.Debug|x86.Build.0 = Debug|Any CPU
		{7AC9B9ED-77DB-4406-9FB5-3F3426390978}.Release|Any CPU.ActiveCfg = Release|Any CPU
		{7AC9B9ED-77DB-4406-9FB5-3F3426390978}.Release|Any CPU.Build.0 = Release|Any CPU
		{7AC9B9ED-77DB-4406-9FB5-3F3426390978}.Release|x86.ActiveCfg = Release|Any CPU
		{7AC9B9ED-77DB-4406-9FB5-3F3426390978}.Release|x86.Build.0 = Release|Any CPU
		{38191F41-8938-442A-97CD-B4A59E2F767A}.Debug|Any CPU.ActiveCfg = Debug|Any CPU
		{38191F41-8938-442A-97CD-B4A59E2F767A}.Debug|Any CPU.Build.0 = Debug|Any CPU
		{38191F41-8938-442A-97CD-B4A59E2F767A}.Debug|x86.ActiveCfg = Debug|Any CPU
		{38191F41-8938-442A-97CD-B4A59E2F767A}.Debug|x86.Build.0 = Debug|Any CPU
		{38191F41-8938-442A-97CD-B4A59E2F767A}.Release|Any CPU.ActiveCfg = Release|Any CPU
		{38191F41-8938-442A-97CD-B4A59E2F767A}.Release|Any CPU.Build.0 = Release|Any CPU
		{38191F41-8938-442A-97CD-B4A59E2F767A}.Release|x86.ActiveCfg = Release|Any CPU
		{38191F41-8938-442A-97CD-B4A59E2F767A}.Release|x86.Build.0 = Release|Any CPU
		{946C609D-95BF-4CEB-B5B8-6BCD80E7D742}.Debug|Any CPU.ActiveCfg = Debug|Any CPU
		{946C609D-95BF-4CEB-B5B8-6BCD80E7D742}.Debug|Any CPU.Build.0 = Debug|Any CPU
		{946C609D-95BF-4CEB-B5B8-6BCD80E7D742}.Debug|x86.ActiveCfg = Debug|Any CPU
		{946C609D-95BF-4CEB-B5B8-6BCD80E7D742}.Debug|x86.Build.0 = Debug|Any CPU
		{946C609D-95BF-4CEB-B5B8-6BCD80E7D742}.Release|Any CPU.ActiveCfg = Release|Any CPU
		{946C609D-95BF-4CEB-B5B8-6BCD80E7D742}.Release|Any CPU.Build.0 = Release|Any CPU
		{946C609D-95BF-4CEB-B5B8-6BCD80E7D742}.Release|x86.ActiveCfg = Release|Any CPU
		{946C609D-95BF-4CEB-B5B8-6BCD80E7D742}.Release|x86.Build.0 = Release|Any CPU
		{B7631407-6274-4C38-AEE2-422517B8D0B9}.Debug|Any CPU.ActiveCfg = Debug|Any CPU
		{B7631407-6274-4C38-AEE2-422517B8D0B9}.Debug|Any CPU.Build.0 = Debug|Any CPU
		{B7631407-6274-4C38-AEE2-422517B8D0B9}.Debug|x86.ActiveCfg = Debug|Any CPU
		{B7631407-6274-4C38-AEE2-422517B8D0B9}.Debug|x86.Build.0 = Debug|Any CPU
		{B7631407-6274-4C38-AEE2-422517B8D0B9}.Release|Any CPU.ActiveCfg = Release|Any CPU
		{B7631407-6274-4C38-AEE2-422517B8D0B9}.Release|Any CPU.Build.0 = Release|Any CPU
		{B7631407-6274-4C38-AEE2-422517B8D0B9}.Release|x86.ActiveCfg = Release|Any CPU
		{B7631407-6274-4C38-AEE2-422517B8D0B9}.Release|x86.Build.0 = Release|Any CPU
		{B99158FB-50EE-406E-951D-CC3551566EBF}.Debug|Any CPU.ActiveCfg = Debug|x86
		{B99158FB-50EE-406E-951D-CC3551566EBF}.Debug|x86.ActiveCfg = Debug|x86
		{B99158FB-50EE-406E-951D-CC3551566EBF}.Debug|x86.Build.0 = Debug|x86
		{B99158FB-50EE-406E-951D-CC3551566EBF}.Release|Any CPU.ActiveCfg = Release|x86
		{B99158FB-50EE-406E-951D-CC3551566EBF}.Release|x86.ActiveCfg = Release|x86
		{B99158FB-50EE-406E-951D-CC3551566EBF}.Release|x86.Build.0 = Release|x86
		{E1400633-7974-43A8-89E9-8FDDB160F6C5}.Debug|Any CPU.ActiveCfg = Debug|Any CPU
		{E1400633-7974-43A8-89E9-8FDDB160F6C5}.Debug|Any CPU.Build.0 = Debug|Any CPU
		{E1400633-7974-43A8-89E9-8FDDB160F6C5}.Debug|x86.ActiveCfg = Debug|Any CPU
		{E1400633-7974-43A8-89E9-8FDDB160F6C5}.Debug|x86.Build.0 = Debug|Any CPU
		{E1400633-7974-43A8-89E9-8FDDB160F6C5}.Release|Any CPU.ActiveCfg = Release|Any CPU
		{E1400633-7974-43A8-89E9-8FDDB160F6C5}.Release|Any CPU.Build.0 = Release|Any CPU
		{E1400633-7974-43A8-89E9-8FDDB160F6C5}.Release|x86.ActiveCfg = Release|Any CPU
		{E1400633-7974-43A8-89E9-8FDDB160F6C5}.Release|x86.Build.0 = Release|Any CPU
	EndGlobalSection
	GlobalSection(SolutionProperties) = preSolution
		HideSolutionNode = FALSE
	EndGlobalSection
	GlobalSection(NestedProjects) = preSolution
		{C428ABE9-F440-40F4-BE5C-1518A0444289} = {58EE8698-F44E-4E40-8B67-C2842C0CFF2F}
		{F5A74604-7530-4572-B9E6-3B8B749B99D9} = {58EE8698-F44E-4E40-8B67-C2842C0CFF2F}
		{FF2E4D18-6E8B-4C9F-B74D-F2A564EBFBFE} = {59B2E9EA-D81C-4FC2-8E60-09CED1A10930}
		{28549CB3-0AA7-4757-B167-D6F9DB68F231} = {59B2E9EA-D81C-4FC2-8E60-09CED1A10930}
		{573ABB52-BB43-45F9-BBAC-931858F48B92} = {59B2E9EA-D81C-4FC2-8E60-09CED1A10930}
		{7AC9B9ED-77DB-4406-9FB5-3F3426390978} = {59B2E9EA-D81C-4FC2-8E60-09CED1A10930}
		{946C609D-95BF-4CEB-B5B8-6BCD80E7D742} = {6F5BA969-CC1A-45E4-A908-11C44D4840C2}
		{B7631407-6274-4C38-AEE2-422517B8D0B9} = {6F5BA969-CC1A-45E4-A908-11C44D4840C2}
	EndGlobalSection
	GlobalSection(ExtensibilityGlobals) = postSolution
		SolutionGuid = {733B3AE7-E393-472E-B902-3AECA5E2F057}
	EndGlobalSection
EndGlobal
